
Microsoft Visual Studio Solution File, Format Version 12.00
# Visual Studio 15
VisualStudioVersion = 15.0.26730.16
MinimumVisualStudioVersion = 10.0.40219.1
Project("{FAE04EC0-301F-11D3-BF4B-00C04F79EFBC}") = "Web04", "Web04\Web04.csproj", "{6822F0FF-20B6-45B0-A1F7-B30B4EE8B38D}"
EndProject
Global
	GlobalSection(SolutionConfigurationPlatforms) = preSolution
		Debug|Any CPU = Debug|Any CPU
		Release|Any CPU = Release|Any CPU
	EndGlobalSection
	GlobalSection(ProjectConfigurationPlatforms) = postSolution
		{6822F0FF-20B6-45B0-A1F7-B30B4EE8B38D}.Debug|Any CPU.ActiveCfg = Debug|Any CPU
		{6822F0FF-20B6-45B0-A1F7-B30B4EE8B38D}.Debug|Any CPU.Build.0 = Debug|Any CPU
		{6822F0FF-20B6-45B0-A1F7-B30B4EE8B38D}.Release|Any CPU.ActiveCfg = Release|Any CPU
		{6822F0FF-20B6-45B0-A1F7-B30B4EE8B38D}.Release|Any CPU.Build.0 = Release|Any CPU
	EndGlobalSection
	GlobalSection(SolutionProperties) = preSolution
		HideSolutionNode = FALSE
	EndGlobalSection
	GlobalSection(ExtensibilityGlobals) = postSolution
		SolutionGuid = {8CE18CDC-92A3-41C1-BD31-4A71A44022B7}
	EndGlobalSection
EndGlobal
